
Microsoft Visual Studio Solution File, Format Version 12.00
# Visual Studio Version 17
VisualStudioVersion = 17.6.33815.320
MinimumVisualStudioVersion = 10.0.40219.1
Project("{FAE04EC0-301F-11D3-BF4B-00C04F79EFBC}") = "prova3.2", "prova3.2\prova3.2.csproj", "{04749298-FF00-4138-AD73-A574A18015FA}"
EndProject
Global
	GlobalSection(SolutionConfigurationPlatforms) = preSolution
		Debug|Any CPU = Debug|Any CPU
		Release|Any CPU = Release|Any CPU
	EndGlobalSection
	GlobalSection(ProjectConfigurationPlatforms) = postSolution
		{04749298-FF00-4138-AD73-A574A18015FA}.Debug|Any CPU.ActiveCfg = Debug|Any CPU
		{04749298-FF00-4138-AD73-A574A18015FA}.Debug|Any CPU.Build.0 = Debug|Any CPU
		{04749298-FF00-4138-AD73-A574A18015FA}.Release|Any CPU.ActiveCfg = Release|Any CPU
		{04749298-FF00-4138-AD73-A574A18015FA}.Release|Any CPU.Build.0 = Release|Any CPU
	EndGlobalSection
	GlobalSection(SolutionProperties) = preSolution
		HideSolutionNode = FALSE
	EndGlobalSection
	GlobalSection(ExtensibilityGlobals) = postSolution
		SolutionGuid = {126E2C9D-08FC-4FFB-B6DA-8292F32A4A24}
	EndGlobalSection
EndGlobal
