
Microsoft Visual Studio Solution File, Format Version 12.00
# Visual Studio Version 17
VisualStudioVersion = 17.6.33815.320
MinimumVisualStudioVersion = 10.0.40219.1
Project("{FAE04EC0-301F-11D3-BF4B-00C04F79EFBC}") = "prova3.1", "prova3.1\prova3.1.csproj", "{33CEC9E3-178F-4034-94FC-F046C5BB74F4}"
EndProject
Global
	GlobalSection(SolutionConfigurationPlatforms) = preSolution
		Debug|Any CPU = Debug|Any CPU
		Release|Any CPU = Release|Any CPU
	EndGlobalSection
	GlobalSection(ProjectConfigurationPlatforms) = postSolution
		{33CEC9E3-178F-4034-94FC-F046C5BB74F4}.Debug|Any CPU.ActiveCfg = Debug|Any CPU
		{33CEC9E3-178F-4034-94FC-F046C5BB74F4}.Debug|Any CPU.Build.0 = Debug|Any CPU
		{33CEC9E3-178F-4034-94FC-F046C5BB74F4}.Release|Any CPU.ActiveCfg = Release|Any CPU
		{33CEC9E3-178F-4034-94FC-F046C5BB74F4}.Release|Any CPU.Build.0 = Release|Any CPU
	EndGlobalSection
	GlobalSection(SolutionProperties) = preSolution
		HideSolutionNode = FALSE
	EndGlobalSection
	GlobalSection(ExtensibilityGlobals) = postSolution
		SolutionGuid = {627AE455-7842-4789-AE76-B3B94D085BE9}
	EndGlobalSection
EndGlobal
